
Microsoft Visual Studio Solution File, Format Version 12.00
Project("{FAE04EC0-301F-11D3-BF4B-00C04F79EFBC}") = "ROUND_3_A", "ROUND_3_A\ROUND_3_A.csproj", "{3425B4E1-D70B-421E-87E8-C871198857B4}"
EndProject
Project("{FAE04EC0-301F-11D3-BF4B-00C04F79EFBC}") = "ROUND_3_B", "ROUND_3_B\ROUND_3_B.csproj", "{6D2A553E-966E-47F8-B67B-90D7027CDE30}"
EndProject
Global
	GlobalSection(SolutionConfigurationPlatforms) = preSolution
		Debug|Any CPU = Debug|Any CPU
		Release|Any CPU = Release|Any CPU
	EndGlobalSection
	GlobalSection(ProjectConfigurationPlatforms) = postSolution
		{3425B4E1-D70B-421E-87E8-C871198857B4}.Debug|Any CPU.ActiveCfg = Debug|Any CPU
		{3425B4E1-D70B-421E-87E8-C871198857B4}.Debug|Any CPU.Build.0 = Debug|Any CPU
		{3425B4E1-D70B-421E-87E8-C871198857B4}.Release|Any CPU.ActiveCfg = Release|Any CPU
		{3425B4E1-D70B-421E-87E8-C871198857B4}.Release|Any CPU.Build.0 = Release|Any CPU
		{6D2A553E-966E-47F8-B67B-90D7027CDE30}.Debug|Any CPU.ActiveCfg = Debug|Any CPU
		{6D2A553E-966E-47F8-B67B-90D7027CDE30}.Debug|Any CPU.Build.0 = Debug|Any CPU
		{6D2A553E-966E-47F8-B67B-90D7027CDE30}.Release|Any CPU.ActiveCfg = Release|Any CPU
		{6D2A553E-966E-47F8-B67B-90D7027CDE30}.Release|Any CPU.Build.0 = Release|Any CPU
	EndGlobalSection
EndGlobal
